
Microsoft Visual Studio Solution File, Format Version 12.00
# Visual Studio Version 16
VisualStudioVersion = 16.0.28803.202
MinimumVisualStudioVersion = 10.0.40219.1
Project("{FAE04EC0-301F-11D3-BF4B-00C04F79EFBC}") = "Task_1.1.1", "Task_1.1.1\Task_1.1.1.csproj", "{320A5837-A8FC-4674-91C1-3E622596AEFA}"
EndProject
Project("{FAE04EC0-301F-11D3-BF4B-00C04F79EFBC}") = "Task_1.1.2", "Task_1.1.2\Task_1.1.2.csproj", "{424F2C19-A80E-4473-8CE9-43449C99898E}"
EndProject
Project("{FAE04EC0-301F-11D3-BF4B-00C04F79EFBC}") = "Task_1.1.3", "Task_1.1.3\Task_1.1.3.csproj", "{B4951729-51D3-46CE-95E8-A68DDCF6C129}"
EndProject
Project("{FAE04EC0-301F-11D3-BF4B-00C04F79EFBC}") = "Task_1.1.4", "Task_1.1.4\Task_1.1.4.csproj", "{E33D5D6E-D00C-4E2F-A524-E4A221EDBAFE}"
EndProject
Project("{FAE04EC0-301F-11D3-BF4B-00C04F79EFBC}") = "Task_1.1.5", "Task_1.1.5\Task_1.1.5.csproj", "{4B948F16-3367-4897-9ECE-9EC414AAF31D}"
EndProject
Project("{2150E333-8FDC-42A3-9474-1A3956D46DE8}") = "Task 1.1", "Task 1.1", "{D7CFA471-4415-4C64-9D11-67DCEE057AE3}"
EndProject
Project("{FAE04EC0-301F-11D3-BF4B-00C04F79EFBC}") = "Task_1.1.6", "Task_1.1.6\Task_1.1.6.csproj", "{B7071441-051E-418A-A247-3DA5D379F8F9}"
EndProject
Project("{FAE04EC0-301F-11D3-BF4B-00C04F79EFBC}") = "Task_1.1.7", "Task_1.1.7\Task_1.1.7.csproj", "{C5BA8477-500A-4001-AE53-68C72DFC8CA3}"
EndProject
Project("{FAE04EC0-301F-11D3-BF4B-00C04F79EFBC}") = "Task_1.1.8", "Task_1.1.8\Task_1.1.8.csproj", "{4A44C9FF-F733-4F35-9573-777B8E3ADC14}"
EndProject
Project("{FAE04EC0-301F-11D3-BF4B-00C04F79EFBC}") = "Task_1.1.9", "Task_1.1.9\Task_1.1.9.csproj", "{7CBEC3CA-BBB0-4360-9129-356C5686BF61}"
EndProject
Project("{FAE04EC0-301F-11D3-BF4B-00C04F79EFBC}") = "Task_1.1.10", "Task_1.1.10\Task_1.1.10.csproj", "{5B6DD8C5-3B47-42D8-8087-44A565291BC6}"
EndProject
Project("{2150E333-8FDC-42A3-9474-1A3956D46DE8}") = "Task 1.2", "Task 1.2", "{61F3EE64-1B8B-48BF-A377-6B099D8085BB}"
EndProject
Project("{FAE04EC0-301F-11D3-BF4B-00C04F79EFBC}") = "Task_1.2.1", "Task_1.2.1\Task_1.2.1.csproj", "{3605F23C-EDF1-48DB-A6FD-D3A84E85946C}"
EndProject
Project("{FAE04EC0-301F-11D3-BF4B-00C04F79EFBC}") = "Task_1.2.2", "Task_1.2.2\Task_1.2.2.csproj", "{D0E9A3D7-5E05-447B-8642-6E47CE29DBDA}"
EndProject
Project("{FAE04EC0-301F-11D3-BF4B-00C04F79EFBC}") = "Task_1.2.3", "Task_1.2.3\Task_1.2.3.csproj", "{26FEC755-19F7-4739-AB5E-6233D9C7DA0F}"
EndProject
Project("{FAE04EC0-301F-11D3-BF4B-00C04F79EFBC}") = "Task_1.2.4", "Task_1.2.4\Task_1.2.4.csproj", "{4E2BDB81-DF8D-4E35-BC3A-3D2EF8F36DFE}"
EndProject
Project("{2150E333-8FDC-42A3-9474-1A3956D46DE8}") = "Task 2.1", "Task 2.1", "{CF1EFCA4-3406-4CCF-9ADC-CEC7D6A42F63}"
EndProject
Project("{2150E333-8FDC-42A3-9474-1A3956D46DE8}") = "MyCustomString", "MyCustomString", "{0DDD252D-048B-4F09-AE16-0F01FB932AAA}"
EndProject
Project("{FAE04EC0-301F-11D3-BF4B-00C04F79EFBC}") = "CustomString", "CustomString\CustomString.csproj", "{46E72C9F-4079-4C89-9359-571C128A81DF}"
EndProject
Project("{FAE04EC0-301F-11D3-BF4B-00C04F79EFBC}") = "CustomStringTest", "CustomStringTest\CustomStringTest.csproj", "{ACAA7C56-E4E0-4A01-928F-939C2043A676}"
EndProject
Project("{2150E333-8FDC-42A3-9474-1A3956D46DE8}") = "Figure", "Figure", "{ADAE8AE3-3B38-4E28-9D61-7E79767EE734}"
EndProject
Project("{FAE04EC0-301F-11D3-BF4B-00C04F79EFBC}") = "Figures", "Figures\Figures.csproj", "{A90C39A1-033E-408C-BED8-85139C102337}"
EndProject
Project("{2150E333-8FDC-42A3-9474-1A3956D46DE8}") = "Task 3.1", "Task 3.1", "{F1A83320-427F-493C-90B4-7973B556E8FF}"
EndProject
Project("{FAE04EC0-301F-11D3-BF4B-00C04F79EFBC}") = "ProgramDieOrDie", "ProgramDieOrDie\ProgramDieOrDie.csproj", "{90A47458-B85C-420D-899B-DF73B89B3537}"
EndProject
Project("{FAE04EC0-301F-11D3-BF4B-00C04F79EFBC}") = "TestMyCouting", "TestMyCouting\TestMyCouting.csproj", "{02A92A30-B1B9-43B0-A412-C6B45A62910B}"
EndProject
Project("{2150E333-8FDC-42A3-9474-1A3956D46DE8}") = "3.1.1", "3.1.1", "{3508835B-F8ED-42F6-B62D-4E2E965F35CB}"
EndProject
Project("{2150E333-8FDC-42A3-9474-1A3956D46DE8}") = "3.1.2", "3.1.2", "{9C6C9D5D-373B-4ECD-8B22-B9483ABDDE93}"
	ProjectSection(SolutionItems) = preProject
		input.txt = input.txt
	EndProjectSection
EndProject
Project("{FAE04EC0-301F-11D3-BF4B-00C04F79EFBC}") = "TextAnalysis", "TextAnalysis\TextAnalysis.csproj", "{AD0FEA46-8727-4A7E-8DC3-03A96A4DB7DC}"
EndProject
Project("{2150E333-8FDC-42A3-9474-1A3956D46DE8}") = "Task 3.2", "Task 3.2", "{FC6A7F7F-0F52-4331-90F9-A2538F091CB4}"
EndProject
Project("{9A19103F-16F7-4668-BE54-9A1E7A4F7556}") = "MyDynamicArray", "MyDynamicArray\MyDynamicArray.csproj", "{0EA4ECC1-C074-40A7-9D36-B07418BF46B4}"
EndProject
Project("{FAE04EC0-301F-11D3-BF4B-00C04F79EFBC}") = "DynamicArrayTest", "DynamicArrayTest\DynamicArrayTest.csproj", "{F9153004-E23D-491F-B7F3-D6AFD4A3379C}"
EndProject
Project("{2150E333-8FDC-42A3-9474-1A3956D46DE8}") = "Task 3.3", "Task 3.3", "{DDF5E60C-C71A-4C46-A6E3-2D2BCA85B436}"
EndProject
Project("{2150E333-8FDC-42A3-9474-1A3956D46DE8}") = "Task_3.3.1", "Task_3.3.1", "{863CBA1F-ACC6-4B0D-85E4-6FE44B6CA492}"
EndProject
Project("{FAE04EC0-301F-11D3-BF4B-00C04F79EFBC}") = "ArrayExtentionMethod", "ArrayExtentionMethod\ArrayExtentionMethod.csproj", "{9A437B16-BF20-4837-AEDF-74117AF381F9}"
EndProject
Project("{FAE04EC0-301F-11D3-BF4B-00C04F79EFBC}") = "ArrayExtentionsMethodsTest", "ArrayExtentionsMethodsTest\ArrayExtentionsMethodsTest.csproj", "{A5BC1CDB-BEC7-48DC-893A-F1AFBE4AB75C}"
EndProject
Project("{2150E333-8FDC-42A3-9474-1A3956D46DE8}") = "Task_3.3.2", "Task_3.3.2", "{DF211BAF-5FFB-4A0D-8082-703A9AB99E6F}"
EndProject
Project("{FAE04EC0-301F-11D3-BF4B-00C04F79EFBC}") = "MyExtentionString", "MyExtentionString\MyExtentionString.csproj", "{880D106C-C06A-4527-80A7-6CD32B02BD99}"
EndProject
Project("{FAE04EC0-301F-11D3-BF4B-00C04F79EFBC}") = "MyExtentionStringTest", "MyExtentionStringTest\MyExtentionStringTest.csproj", "{43871AFB-8229-40E4-81A6-3FFCC970DE96}"
EndProject
Project("{2150E333-8FDC-42A3-9474-1A3956D46DE8}") = "Task_3.3.3", "Task_3.3.3", "{03766C72-060D-4074-A78D-B30C6D3DAD90}"
EndProject
Project("{FAE04EC0-301F-11D3-BF4B-00C04F79EFBC}") = "Pizzeria.BL", "Pizzeria.BL\Pizzeria.BL.csproj", "{569DA59F-AFA2-4FDA-B286-2F17A957E9C9}"
EndProject
Project("{2150E333-8FDC-42A3-9474-1A3956D46DE8}") = "BLL", "BLL", "{F70179A6-F34B-4D8E-9673-9495B669A882}"
EndProject
Project("{FAE04EC0-301F-11D3-BF4B-00C04F79EFBC}") = "Pizzeria.BL.Interface", "Pizzeria.BL.Interface\Pizzeria.BL.Interface.csproj", "{CEDF4C74-B809-42F1-8A51-5504839815D5}"
EndProject
Project("{2150E333-8FDC-42A3-9474-1A3956D46DE8}") = "Entities", "Entities", "{4C29ACBF-5563-43EC-934F-C41E29BD8438}"
EndProject
Project("{FAE04EC0-301F-11D3-BF4B-00C04F79EFBC}") = "Pizzeria.Entities", "Pizzeria.Entities\Pizzeria.Entities.csproj", "{329A4DAD-EA6D-498C-AFD9-B3884D23B6DA}"
EndProject
Project("{2150E333-8FDC-42A3-9474-1A3956D46DE8}") = "Common", "Common", "{335B50EA-8A6A-4913-B837-E030F20B5739}"
EndProject
Project("{2150E333-8FDC-42A3-9474-1A3956D46DE8}") = "Product", "Product", "{860806A3-5A70-4E0C-88D0-649619C87F80}"
EndProject
Project("{FAE04EC0-301F-11D3-BF4B-00C04F79EFBC}") = "Pizzeria.Product", "Pizzeria.Product\Pizzeria.Product.csproj", "{D0330007-7CFF-4A2E-9964-DF26E273785C}"
EndProject
Project("{2150E333-8FDC-42A3-9474-1A3956D46DE8}") = "PL", "PL", "{89ECD582-8B35-46CB-AFED-E6BBB46662B1}"
EndProject
Project("{FAE04EC0-301F-11D3-BF4B-00C04F79EFBC}") = "Pizzeria.ConsolePL", "Pizzeria.ConsolePL\Pizzeria.ConsolePL.csproj", "{B63AEBE8-B02B-46F9-8729-826BE6D48913}"
EndProject
Project("{2150E333-8FDC-42A3-9474-1A3956D46DE8}") = "Task 4.1", "Task 4.1", "{050AA363-9BFC-4276-AA80-8D5A55B5D53C}"
EndProject
Project("{2150E333-8FDC-42A3-9474-1A3956D46DE8}") = "BLL", "BLL", "{DF1313F4-A46E-4E2D-9A31-FFD888742244}"
EndProject
Project("{2150E333-8FDC-42A3-9474-1A3956D46DE8}") = "DAL", "DAL", "{E1D78469-4AA1-4149-BE63-9FA0075FF6AE}"
EndProject
Project("{2150E333-8FDC-42A3-9474-1A3956D46DE8}") = "PL", "PL", "{388C622C-03CA-470D-89F1-3FE116283B17}"
EndProject
Project("{FAE04EC0-301F-11D3-BF4B-00C04F79EFBC}") = "Backupper.BLL", "Backupper.BLL\Backupper.BLL.csproj", "{286FF804-45C1-4743-97F5-2D9C8471BAEC}"
EndProject
Project("{FAE04EC0-301F-11D3-BF4B-00C04F79EFBC}") = "Backupper.BLL.Interface", "Backupper.BLL.Interface\Backupper.BLL.Interface.csproj", "{E1F09284-0352-48AF-81A5-4F62619D12BE}"
EndProject
Project("{2150E333-8FDC-42A3-9474-1A3956D46DE8}") = "Entities", "Entities", "{AC9994B6-77B7-4738-8F93-ED72A34686AF}"
EndProject
Project("{FAE04EC0-301F-11D3-BF4B-00C04F79EFBC}") = "Backupper.Entites", "Backupper.Entites\Backupper.Entites.csproj", "{DB30437A-AE76-40BF-9D5E-D73FAF4B46F2}"
EndProject
Project("{2150E333-8FDC-42A3-9474-1A3956D46DE8}") = "Common", "Common", "{18E0DA0A-A76B-4395-9FE9-100E4B00EA52}"
EndProject
Project("{2150E333-8FDC-42A3-9474-1A3956D46DE8}") = "Ioc", "Ioc", "{55C8485F-5DAB-4253-892F-8B80B7E78216}"
EndProject
Project("{FAE04EC0-301F-11D3-BF4B-00C04F79EFBC}") = "Backupper.DAL", "Backupper.DAL\Backupper.DAL.csproj", "{DF2D064C-6225-4AC1-A9CE-9634BC62BE10}"
EndProject
Project("{FAE04EC0-301F-11D3-BF4B-00C04F79EFBC}") = "Backupper.DAL.Interface", "Backupper.DAL.Interface\Backupper.DAL.Interface.csproj", "{73608895-F114-44A6-859B-D07A4732ED15}"
EndProject
Project("{FAE04EC0-301F-11D3-BF4B-00C04F79EFBC}") = "Backupper.PLConsole", "Backupper.PLConsole\Backupper.PLConsole.csproj", "{DC95F807-0B12-4AF6-A89E-C449F59BB605}"
EndProject
Project("{2150E333-8FDC-42A3-9474-1A3956D46DE8}") = "Watcher", "Watcher", "{2C44515C-AC0A-4CDC-B0E3-C3A62EC126DB}"
EndProject
Project("{FAE04EC0-301F-11D3-BF4B-00C04F79EFBC}") = "Backupper.BLL.Watcher", "Backupper.BLL.Watcher\Backupper.BLL.Watcher.csproj", "{0CAF6967-F88E-476D-ACBB-472FE14CB578}"
EndProject
Project("{FAE04EC0-301F-11D3-BF4B-00C04F79EFBC}") = "Backupper.BLL.Watcher.Interface", "Backupper.BLL.Watcher.Interface\Backupper.BLL.Watcher.Interface.csproj", "{B45CBC8E-5618-46BB-9296-D0C3476806F0}"
EndProject
Project("{FAE04EC0-301F-11D3-BF4B-00C04F79EFBC}") = "Backupper.BLL.WatcherEvent.Interface", "Backupper.BLL.WatcherEvent.Interface\Backupper.BLL.WatcherEvent.Interface.csproj", "{0565DA3A-EEF2-472A-B4F3-5A08E635BC35}"
EndProject
Project("{FAE04EC0-301F-11D3-BF4B-00C04F79EFBC}") = "Backupper.BLL.WatcherEvent", "Backupper.BLL.WatcherEvent\Backupper.BLL.WatcherEvent.csproj", "{1DDD3EDE-F7F1-44D3-B06E-EF2CFB9F6E2D}"
EndProject
Project("{FAE04EC0-301F-11D3-BF4B-00C04F79EFBC}") = "Backupper.Common.Dependencies", "Backupper.Common.Dependencies\Backupper.Common.Dependencies.csproj", "{8B80A2DB-4967-4D1C-A432-85EC09909E6B}"
EndProject
Project("{2150E333-8FDC-42A3-9474-1A3956D46DE8}") = "BackUpLog", "BackUpLog", "{79211524-8915-474E-B4E6-D40074EBF497}"
EndProject
Project("{2150E333-8FDC-42A3-9474-1A3956D46DE8}") = "Console", "Console", "{E3B9D06A-6222-4FDB-825D-F14FC55D44D5}"
EndProject
Project("{FAE04EC0-301F-11D3-BF4B-00C04F79EFBC}") = "Backupper.ConsoleResponseLogger", "Backupper.ConsoleResponseLogger\Backupper.ConsoleResponseLogger.csproj", "{AD8AD35C-F2A8-4C2C-A16D-680BAAE62D8A}"
EndProject
Project("{2150E333-8FDC-42A3-9474-1A3956D46DE8}") = "TypeMessage", "TypeMessage", "{7641B051-EFC7-4CDF-89BF-667E48707B05}"
EndProject
Project("{FAE04EC0-301F-11D3-BF4B-00C04F79EFBC}") = "Backupper.Common.TypeMessage", "Backupper.Common.TypeMessage\Backupper.Common.TypeMessage.csproj", "{1BBD224D-285B-48B0-B4C0-934EF4BC055C}"
EndProject
Global
	GlobalSection(SolutionConfigurationPlatforms) = preSolution
		Debug|Any CPU = Debug|Any CPU
		Release|Any CPU = Release|Any CPU
	EndGlobalSection
	GlobalSection(ProjectConfigurationPlatforms) = postSolution
		{320A5837-A8FC-4674-91C1-3E622596AEFA}.Debug|Any CPU.ActiveCfg = Debug|Any CPU
		{320A5837-A8FC-4674-91C1-3E622596AEFA}.Debug|Any CPU.Build.0 = Debug|Any CPU
		{320A5837-A8FC-4674-91C1-3E622596AEFA}.Release|Any CPU.ActiveCfg = Release|Any CPU
		{320A5837-A8FC-4674-91C1-3E622596AEFA}.Release|Any CPU.Build.0 = Release|Any CPU
		{424F2C19-A80E-4473-8CE9-43449C99898E}.Debug|Any CPU.ActiveCfg = Debug|Any CPU
		{424F2C19-A80E-4473-8CE9-43449C99898E}.Debug|Any CPU.Build.0 = Debug|Any CPU
		{424F2C19-A80E-4473-8CE9-43449C99898E}.Release|Any CPU.ActiveCfg = Release|Any CPU
		{424F2C19-A80E-4473-8CE9-43449C99898E}.Release|Any CPU.Build.0 = Release|Any CPU
		{B4951729-51D3-46CE-95E8-A68DDCF6C129}.Debug|Any CPU.ActiveCfg = Debug|Any CPU
		{B4951729-51D3-46CE-95E8-A68DDCF6C129}.Debug|Any CPU.Build.0 = Debug|Any CPU
		{B4951729-51D3-46CE-95E8-A68DDCF6C129}.Release|Any CPU.ActiveCfg = Release|Any CPU
		{B4951729-51D3-46CE-95E8-A68DDCF6C129}.Release|Any CPU.Build.0 = Release|Any CPU
		{E33D5D6E-D00C-4E2F-A524-E4A221EDBAFE}.Debug|Any CPU.ActiveCfg = Debug|Any CPU
		{E33D5D6E-D00C-4E2F-A524-E4A221EDBAFE}.Debug|Any CPU.Build.0 = Debug|Any CPU
		{E33D5D6E-D00C-4E2F-A524-E4A221EDBAFE}.Release|Any CPU.ActiveCfg = Release|Any CPU
		{E33D5D6E-D00C-4E2F-A524-E4A221EDBAFE}.Release|Any CPU.Build.0 = Release|Any CPU
		{4B948F16-3367-4897-9ECE-9EC414AAF31D}.Debug|Any CPU.ActiveCfg = Debug|Any CPU
		{4B948F16-3367-4897-9ECE-9EC414AAF31D}.Debug|Any CPU.Build.0 = Debug|Any CPU
		{4B948F16-3367-4897-9ECE-9EC414AAF31D}.Release|Any CPU.ActiveCfg = Release|Any CPU
		{4B948F16-3367-4897-9ECE-9EC414AAF31D}.Release|Any CPU.Build.0 = Release|Any CPU
		{B7071441-051E-418A-A247-3DA5D379F8F9}.Debug|Any CPU.ActiveCfg = Debug|Any CPU
		{B7071441-051E-418A-A247-3DA5D379F8F9}.Debug|Any CPU.Build.0 = Debug|Any CPU
		{B7071441-051E-418A-A247-3DA5D379F8F9}.Release|Any CPU.ActiveCfg = Release|Any CPU
		{B7071441-051E-418A-A247-3DA5D379F8F9}.Release|Any CPU.Build.0 = Release|Any CPU
		{C5BA8477-500A-4001-AE53-68C72DFC8CA3}.Debug|Any CPU.ActiveCfg = Debug|Any CPU
		{C5BA8477-500A-4001-AE53-68C72DFC8CA3}.Debug|Any CPU.Build.0 = Debug|Any CPU
		{C5BA8477-500A-4001-AE53-68C72DFC8CA3}.Release|Any CPU.ActiveCfg = Release|Any CPU
		{C5BA8477-500A-4001-AE53-68C72DFC8CA3}.Release|Any CPU.Build.0 = Release|Any CPU
		{4A44C9FF-F733-4F35-9573-777B8E3ADC14}.Debug|Any CPU.ActiveCfg = Debug|Any CPU
		{4A44C9FF-F733-4F35-9573-777B8E3ADC14}.Debug|Any CPU.Build.0 = Debug|Any CPU
		{4A44C9FF-F733-4F35-9573-777B8E3ADC14}.Release|Any CPU.ActiveCfg = Release|Any CPU
		{4A44C9FF-F733-4F35-9573-777B8E3ADC14}.Release|Any CPU.Build.0 = Release|Any CPU
		{7CBEC3CA-BBB0-4360-9129-356C5686BF61}.Debug|Any CPU.ActiveCfg = Debug|Any CPU
		{7CBEC3CA-BBB0-4360-9129-356C5686BF61}.Debug|Any CPU.Build.0 = Debug|Any CPU
		{7CBEC3CA-BBB0-4360-9129-356C5686BF61}.Release|Any CPU.ActiveCfg = Release|Any CPU
		{7CBEC3CA-BBB0-4360-9129-356C5686BF61}.Release|Any CPU.Build.0 = Release|Any CPU
		{5B6DD8C5-3B47-42D8-8087-44A565291BC6}.Debug|Any CPU.ActiveCfg = Debug|Any CPU
		{5B6DD8C5-3B47-42D8-8087-44A565291BC6}.Debug|Any CPU.Build.0 = Debug|Any CPU
		{5B6DD8C5-3B47-42D8-8087-44A565291BC6}.Release|Any CPU.ActiveCfg = Release|Any CPU
		{5B6DD8C5-3B47-42D8-8087-44A565291BC6}.Release|Any CPU.Build.0 = Release|Any CPU
		{3605F23C-EDF1-48DB-A6FD-D3A84E85946C}.Debug|Any CPU.ActiveCfg = Debug|Any CPU
		{3605F23C-EDF1-48DB-A6FD-D3A84E85946C}.Debug|Any CPU.Build.0 = Debug|Any CPU
		{3605F23C-EDF1-48DB-A6FD-D3A84E85946C}.Release|Any CPU.ActiveCfg = Release|Any CPU
		{3605F23C-EDF1-48DB-A6FD-D3A84E85946C}.Release|Any CPU.Build.0 = Release|Any CPU
		{D0E9A3D7-5E05-447B-8642-6E47CE29DBDA}.Debug|Any CPU.ActiveCfg = Debug|Any CPU
		{D0E9A3D7-5E05-447B-8642-6E47CE29DBDA}.Debug|Any CPU.Build.0 = Debug|Any CPU
		{D0E9A3D7-5E05-447B-8642-6E47CE29DBDA}.Release|Any CPU.ActiveCfg = Release|Any CPU
		{D0E9A3D7-5E05-447B-8642-6E47CE29DBDA}.Release|Any CPU.Build.0 = Release|Any CPU
		{26FEC755-19F7-4739-AB5E-6233D9C7DA0F}.Debug|Any CPU.ActiveCfg = Debug|Any CPU
		{26FEC755-19F7-4739-AB5E-6233D9C7DA0F}.Debug|Any CPU.Build.0 = Debug|Any CPU
		{26FEC755-19F7-4739-AB5E-6233D9C7DA0F}.Release|Any CPU.ActiveCfg = Release|Any CPU
		{26FEC755-19F7-4739-AB5E-6233D9C7DA0F}.Release|Any CPU.Build.0 = Release|Any CPU
		{4E2BDB81-DF8D-4E35-BC3A-3D2EF8F36DFE}.Debug|Any CPU.ActiveCfg = Debug|Any CPU
		{4E2BDB81-DF8D-4E35-BC3A-3D2EF8F36DFE}.Debug|Any CPU.Build.0 = Debug|Any CPU
		{4E2BDB81-DF8D-4E35-BC3A-3D2EF8F36DFE}.Release|Any CPU.ActiveCfg = Release|Any CPU
		{4E2BDB81-DF8D-4E35-BC3A-3D2EF8F36DFE}.Release|Any CPU.Build.0 = Release|Any CPU
		{46E72C9F-4079-4C89-9359-571C128A81DF}.Debug|Any CPU.ActiveCfg = Debug|Any CPU
		{46E72C9F-4079-4C89-9359-571C128A81DF}.Debug|Any CPU.Build.0 = Debug|Any CPU
		{46E72C9F-4079-4C89-9359-571C128A81DF}.Release|Any CPU.ActiveCfg = Release|Any CPU
		{46E72C9F-4079-4C89-9359-571C128A81DF}.Release|Any CPU.Build.0 = Release|Any CPU
		{ACAA7C56-E4E0-4A01-928F-939C2043A676}.Debug|Any CPU.ActiveCfg = Debug|Any CPU
		{ACAA7C56-E4E0-4A01-928F-939C2043A676}.Debug|Any CPU.Build.0 = Debug|Any CPU
		{ACAA7C56-E4E0-4A01-928F-939C2043A676}.Release|Any CPU.ActiveCfg = Release|Any CPU
		{ACAA7C56-E4E0-4A01-928F-939C2043A676}.Release|Any CPU.Build.0 = Release|Any CPU
		{A90C39A1-033E-408C-BED8-85139C102337}.Debug|Any CPU.ActiveCfg = Debug|Any CPU
		{A90C39A1-033E-408C-BED8-85139C102337}.Debug|Any CPU.Build.0 = Debug|Any CPU
		{A90C39A1-033E-408C-BED8-85139C102337}.Release|Any CPU.ActiveCfg = Release|Any CPU
		{A90C39A1-033E-408C-BED8-85139C102337}.Release|Any CPU.Build.0 = Release|Any CPU
		{90A47458-B85C-420D-899B-DF73B89B3537}.Debug|Any CPU.ActiveCfg = Debug|Any CPU
		{90A47458-B85C-420D-899B-DF73B89B3537}.Debug|Any CPU.Build.0 = Debug|Any CPU
		{90A47458-B85C-420D-899B-DF73B89B3537}.Release|Any CPU.ActiveCfg = Release|Any CPU
		{90A47458-B85C-420D-899B-DF73B89B3537}.Release|Any CPU.Build.0 = Release|Any CPU
		{02A92A30-B1B9-43B0-A412-C6B45A62910B}.Debug|Any CPU.ActiveCfg = Debug|Any CPU
		{02A92A30-B1B9-43B0-A412-C6B45A62910B}.Debug|Any CPU.Build.0 = Debug|Any CPU
		{02A92A30-B1B9-43B0-A412-C6B45A62910B}.Release|Any CPU.ActiveCfg = Release|Any CPU
		{02A92A30-B1B9-43B0-A412-C6B45A62910B}.Release|Any CPU.Build.0 = Release|Any CPU
		{AD0FEA46-8727-4A7E-8DC3-03A96A4DB7DC}.Debug|Any CPU.ActiveCfg = Debug|Any CPU
		{AD0FEA46-8727-4A7E-8DC3-03A96A4DB7DC}.Debug|Any CPU.Build.0 = Debug|Any CPU
		{AD0FEA46-8727-4A7E-8DC3-03A96A4DB7DC}.Release|Any CPU.ActiveCfg = Release|Any CPU
		{AD0FEA46-8727-4A7E-8DC3-03A96A4DB7DC}.Release|Any CPU.Build.0 = Release|Any CPU
		{0EA4ECC1-C074-40A7-9D36-B07418BF46B4}.Debug|Any CPU.ActiveCfg = Debug|Any CPU
		{0EA4ECC1-C074-40A7-9D36-B07418BF46B4}.Debug|Any CPU.Build.0 = Debug|Any CPU
		{0EA4ECC1-C074-40A7-9D36-B07418BF46B4}.Release|Any CPU.ActiveCfg = Release|Any CPU
		{0EA4ECC1-C074-40A7-9D36-B07418BF46B4}.Release|Any CPU.Build.0 = Release|Any CPU
		{F9153004-E23D-491F-B7F3-D6AFD4A3379C}.Debug|Any CPU.ActiveCfg = Debug|Any CPU
		{F9153004-E23D-491F-B7F3-D6AFD4A3379C}.Debug|Any CPU.Build.0 = Debug|Any CPU
		{F9153004-E23D-491F-B7F3-D6AFD4A3379C}.Release|Any CPU.ActiveCfg = Release|Any CPU
		{F9153004-E23D-491F-B7F3-D6AFD4A3379C}.Release|Any CPU.Build.0 = Release|Any CPU
		{9A437B16-BF20-4837-AEDF-74117AF381F9}.Debug|Any CPU.ActiveCfg = Debug|Any CPU
		{9A437B16-BF20-4837-AEDF-74117AF381F9}.Debug|Any CPU.Build.0 = Debug|Any CPU
		{9A437B16-BF20-4837-AEDF-74117AF381F9}.Release|Any CPU.ActiveCfg = Release|Any CPU
		{9A437B16-BF20-4837-AEDF-74117AF381F9}.Release|Any CPU.Build.0 = Release|Any CPU
		{A5BC1CDB-BEC7-48DC-893A-F1AFBE4AB75C}.Debug|Any CPU.ActiveCfg = Debug|Any CPU
		{A5BC1CDB-BEC7-48DC-893A-F1AFBE4AB75C}.Debug|Any CPU.Build.0 = Debug|Any CPU
		{A5BC1CDB-BEC7-48DC-893A-F1AFBE4AB75C}.Release|Any CPU.ActiveCfg = Release|Any CPU
		{A5BC1CDB-BEC7-48DC-893A-F1AFBE4AB75C}.Release|Any CPU.Build.0 = Release|Any CPU
		{880D106C-C06A-4527-80A7-6CD32B02BD99}.Debug|Any CPU.ActiveCfg = Debug|Any CPU
		{880D106C-C06A-4527-80A7-6CD32B02BD99}.Debug|Any CPU.Build.0 = Debug|Any CPU
		{880D106C-C06A-4527-80A7-6CD32B02BD99}.Release|Any CPU.ActiveCfg = Release|Any CPU
		{880D106C-C06A-4527-80A7-6CD32B02BD99}.Release|Any CPU.Build.0 = Release|Any CPU
		{43871AFB-8229-40E4-81A6-3FFCC970DE96}.Debug|Any CPU.ActiveCfg = Debug|Any CPU
		{43871AFB-8229-40E4-81A6-3FFCC970DE96}.Debug|Any CPU.Build.0 = Debug|Any CPU
		{43871AFB-8229-40E4-81A6-3FFCC970DE96}.Release|Any CPU.ActiveCfg = Release|Any CPU
		{43871AFB-8229-40E4-81A6-3FFCC970DE96}.Release|Any CPU.Build.0 = Release|Any CPU
		{569DA59F-AFA2-4FDA-B286-2F17A957E9C9}.Debug|Any CPU.ActiveCfg = Debug|Any CPU
		{569DA59F-AFA2-4FDA-B286-2F17A957E9C9}.Debug|Any CPU.Build.0 = Debug|Any CPU
		{569DA59F-AFA2-4FDA-B286-2F17A957E9C9}.Release|Any CPU.ActiveCfg = Release|Any CPU
		{569DA59F-AFA2-4FDA-B286-2F17A957E9C9}.Release|Any CPU.Build.0 = Release|Any CPU
		{CEDF4C74-B809-42F1-8A51-5504839815D5}.Debug|Any CPU.ActiveCfg = Debug|Any CPU
		{CEDF4C74-B809-42F1-8A51-5504839815D5}.Debug|Any CPU.Build.0 = Debug|Any CPU
		{CEDF4C74-B809-42F1-8A51-5504839815D5}.Release|Any CPU.ActiveCfg = Release|Any CPU
		{CEDF4C74-B809-42F1-8A51-5504839815D5}.Release|Any CPU.Build.0 = Release|Any CPU
		{329A4DAD-EA6D-498C-AFD9-B3884D23B6DA}.Debug|Any CPU.ActiveCfg = Debug|Any CPU
		{329A4DAD-EA6D-498C-AFD9-B3884D23B6DA}.Debug|Any CPU.Build.0 = Debug|Any CPU
		{329A4DAD-EA6D-498C-AFD9-B3884D23B6DA}.Release|Any CPU.ActiveCfg = Release|Any CPU
		{329A4DAD-EA6D-498C-AFD9-B3884D23B6DA}.Release|Any CPU.Build.0 = Release|Any CPU
		{D0330007-7CFF-4A2E-9964-DF26E273785C}.Debug|Any CPU.ActiveCfg = Debug|Any CPU
		{D0330007-7CFF-4A2E-9964-DF26E273785C}.Debug|Any CPU.Build.0 = Debug|Any CPU
		{D0330007-7CFF-4A2E-9964-DF26E273785C}.Release|Any CPU.ActiveCfg = Release|Any CPU
		{D0330007-7CFF-4A2E-9964-DF26E273785C}.Release|Any CPU.Build.0 = Release|Any CPU
		{B63AEBE8-B02B-46F9-8729-826BE6D48913}.Debug|Any CPU.ActiveCfg = Debug|Any CPU
		{B63AEBE8-B02B-46F9-8729-826BE6D48913}.Debug|Any CPU.Build.0 = Debug|Any CPU
		{B63AEBE8-B02B-46F9-8729-826BE6D48913}.Release|Any CPU.ActiveCfg = Release|Any CPU
		{B63AEBE8-B02B-46F9-8729-826BE6D48913}.Release|Any CPU.Build.0 = Release|Any CPU
		{286FF804-45C1-4743-97F5-2D9C8471BAEC}.Debug|Any CPU.ActiveCfg = Debug|Any CPU
		{286FF804-45C1-4743-97F5-2D9C8471BAEC}.Debug|Any CPU.Build.0 = Debug|Any CPU
		{286FF804-45C1-4743-97F5-2D9C8471BAEC}.Release|Any CPU.ActiveCfg = Release|Any CPU
		{286FF804-45C1-4743-97F5-2D9C8471BAEC}.Release|Any CPU.Build.0 = Release|Any CPU
		{E1F09284-0352-48AF-81A5-4F62619D12BE}.Debug|Any CPU.ActiveCfg = Debug|Any CPU
		{E1F09284-0352-48AF-81A5-4F62619D12BE}.Debug|Any CPU.Build.0 = Debug|Any CPU
		{E1F09284-0352-48AF-81A5-4F62619D12BE}.Release|Any CPU.ActiveCfg = Release|Any CPU
		{E1F09284-0352-48AF-81A5-4F62619D12BE}.Release|Any CPU.Build.0 = Release|Any CPU
		{DB30437A-AE76-40BF-9D5E-D73FAF4B46F2}.Debug|Any CPU.ActiveCfg = Debug|Any CPU
		{DB30437A-AE76-40BF-9D5E-D73FAF4B46F2}.Debug|Any CPU.Build.0 = Debug|Any CPU
		{DB30437A-AE76-40BF-9D5E-D73FAF4B46F2}.Release|Any CPU.ActiveCfg = Release|Any CPU
		{DB30437A-AE76-40BF-9D5E-D73FAF4B46F2}.Release|Any CPU.Build.0 = Release|Any CPU
		{DF2D064C-6225-4AC1-A9CE-9634BC62BE10}.Debug|Any CPU.ActiveCfg = Debug|Any CPU
		{DF2D064C-6225-4AC1-A9CE-9634BC62BE10}.Debug|Any CPU.Build.0 = Debug|Any CPU
		{DF2D064C-6225-4AC1-A9CE-9634BC62BE10}.Release|Any CPU.ActiveCfg = Release|Any CPU
		{DF2D064C-6225-4AC1-A9CE-9634BC62BE10}.Release|Any CPU.Build.0 = Release|Any CPU
		{73608895-F114-44A6-859B-D07A4732ED15}.Debug|Any CPU.ActiveCfg = Debug|Any CPU
		{73608895-F114-44A6-859B-D07A4732ED15}.Debug|Any CPU.Build.0 = Debug|Any CPU
		{73608895-F114-44A6-859B-D07A4732ED15}.Release|Any CPU.ActiveCfg = Release|Any CPU
		{73608895-F114-44A6-859B-D07A4732ED15}.Release|Any CPU.Build.0 = Release|Any CPU
		{DC95F807-0B12-4AF6-A89E-C449F59BB605}.Debug|Any CPU.ActiveCfg = Debug|Any CPU
		{DC95F807-0B12-4AF6-A89E-C449F59BB605}.Debug|Any CPU.Build.0 = Debug|Any CPU
		{DC95F807-0B12-4AF6-A89E-C449F59BB605}.Release|Any CPU.ActiveCfg = Release|Any CPU
		{DC95F807-0B12-4AF6-A89E-C449F59BB605}.Release|Any CPU.Build.0 = Release|Any CPU
		{0CAF6967-F88E-476D-ACBB-472FE14CB578}.Debug|Any CPU.ActiveCfg = Debug|Any CPU
		{0CAF6967-F88E-476D-ACBB-472FE14CB578}.Debug|Any CPU.Build.0 = Debug|Any CPU
		{0CAF6967-F88E-476D-ACBB-472FE14CB578}.Release|Any CPU.ActiveCfg = Release|Any CPU
		{0CAF6967-F88E-476D-ACBB-472FE14CB578}.Release|Any CPU.Build.0 = Release|Any CPU
		{B45CBC8E-5618-46BB-9296-D0C3476806F0}.Debug|Any CPU.ActiveCfg = Debug|Any CPU
		{B45CBC8E-5618-46BB-9296-D0C3476806F0}.Debug|Any CPU.Build.0 = Debug|Any CPU
		{B45CBC8E-5618-46BB-9296-D0C3476806F0}.Release|Any CPU.ActiveCfg = Release|Any CPU
		{B45CBC8E-5618-46BB-9296-D0C3476806F0}.Release|Any CPU.Build.0 = Release|Any CPU
		{0565DA3A-EEF2-472A-B4F3-5A08E635BC35}.Debug|Any CPU.ActiveCfg = Debug|Any CPU
		{0565DA3A-EEF2-472A-B4F3-5A08E635BC35}.Debug|Any CPU.Build.0 = Debug|Any CPU
		{0565DA3A-EEF2-472A-B4F3-5A08E635BC35}.Release|Any CPU.ActiveCfg = Release|Any CPU
		{0565DA3A-EEF2-472A-B4F3-5A08E635BC35}.Release|Any CPU.Build.0 = Release|Any CPU
		{1DDD3EDE-F7F1-44D3-B06E-EF2CFB9F6E2D}.Debug|Any CPU.ActiveCfg = Debug|Any CPU
		{1DDD3EDE-F7F1-44D3-B06E-EF2CFB9F6E2D}.Debug|Any CPU.Build.0 = Debug|Any CPU
		{1DDD3EDE-F7F1-44D3-B06E-EF2CFB9F6E2D}.Release|Any CPU.ActiveCfg = Release|Any CPU
		{1DDD3EDE-F7F1-44D3-B06E-EF2CFB9F6E2D}.Release|Any CPU.Build.0 = Release|Any CPU
		{8B80A2DB-4967-4D1C-A432-85EC09909E6B}.Debug|Any CPU.ActiveCfg = Debug|Any CPU
		{8B80A2DB-4967-4D1C-A432-85EC09909E6B}.Debug|Any CPU.Build.0 = Debug|Any CPU
		{8B80A2DB-4967-4D1C-A432-85EC09909E6B}.Release|Any CPU.ActiveCfg = Release|Any CPU
		{8B80A2DB-4967-4D1C-A432-85EC09909E6B}.Release|Any CPU.Build.0 = Release|Any CPU
		{AD8AD35C-F2A8-4C2C-A16D-680BAAE62D8A}.Debug|Any CPU.ActiveCfg = Debug|Any CPU
		{AD8AD35C-F2A8-4C2C-A16D-680BAAE62D8A}.Debug|Any CPU.Build.0 = Debug|Any CPU
		{AD8AD35C-F2A8-4C2C-A16D-680BAAE62D8A}.Release|Any CPU.ActiveCfg = Release|Any CPU
		{AD8AD35C-F2A8-4C2C-A16D-680BAAE62D8A}.Release|Any CPU.Build.0 = Release|Any CPU
		{1BBD224D-285B-48B0-B4C0-934EF4BC055C}.Debug|Any CPU.ActiveCfg = Debug|Any CPU
		{1BBD224D-285B-48B0-B4C0-934EF4BC055C}.Debug|Any CPU.Build.0 = Debug|Any CPU
		{1BBD224D-285B-48B0-B4C0-934EF4BC055C}.Release|Any CPU.ActiveCfg = Release|Any CPU
		{1BBD224D-285B-48B0-B4C0-934EF4BC055C}.Release|Any CPU.Build.0 = Release|Any CPU
	EndGlobalSection
	GlobalSection(SolutionProperties) = preSolution
		HideSolutionNode = FALSE
	EndGlobalSection
	GlobalSection(NestedProjects) = preSolution
		{320A5837-A8FC-4674-91C1-3E622596AEFA} = {D7CFA471-4415-4C64-9D11-67DCEE057AE3}
		{424F2C19-A80E-4473-8CE9-43449C99898E} = {D7CFA471-4415-4C64-9D11-67DCEE057AE3}
		{B4951729-51D3-46CE-95E8-A68DDCF6C129} = {D7CFA471-4415-4C64-9D11-67DCEE057AE3}
		{E33D5D6E-D00C-4E2F-A524-E4A221EDBAFE} = {D7CFA471-4415-4C64-9D11-67DCEE057AE3}
		{4B948F16-3367-4897-9ECE-9EC414AAF31D} = {D7CFA471-4415-4C64-9D11-67DCEE057AE3}
		{B7071441-051E-418A-A247-3DA5D379F8F9} = {D7CFA471-4415-4C64-9D11-67DCEE057AE3}
		{C5BA8477-500A-4001-AE53-68C72DFC8CA3} = {D7CFA471-4415-4C64-9D11-67DCEE057AE3}
		{4A44C9FF-F733-4F35-9573-777B8E3ADC14} = {D7CFA471-4415-4C64-9D11-67DCEE057AE3}
		{7CBEC3CA-BBB0-4360-9129-356C5686BF61} = {D7CFA471-4415-4C64-9D11-67DCEE057AE3}
		{5B6DD8C5-3B47-42D8-8087-44A565291BC6} = {D7CFA471-4415-4C64-9D11-67DCEE057AE3}
		{3605F23C-EDF1-48DB-A6FD-D3A84E85946C} = {61F3EE64-1B8B-48BF-A377-6B099D8085BB}
		{D0E9A3D7-5E05-447B-8642-6E47CE29DBDA} = {61F3EE64-1B8B-48BF-A377-6B099D8085BB}
		{26FEC755-19F7-4739-AB5E-6233D9C7DA0F} = {61F3EE64-1B8B-48BF-A377-6B099D8085BB}
		{4E2BDB81-DF8D-4E35-BC3A-3D2EF8F36DFE} = {61F3EE64-1B8B-48BF-A377-6B099D8085BB}
		{0DDD252D-048B-4F09-AE16-0F01FB932AAA} = {CF1EFCA4-3406-4CCF-9ADC-CEC7D6A42F63}
		{46E72C9F-4079-4C89-9359-571C128A81DF} = {0DDD252D-048B-4F09-AE16-0F01FB932AAA}
		{ACAA7C56-E4E0-4A01-928F-939C2043A676} = {0DDD252D-048B-4F09-AE16-0F01FB932AAA}
		{ADAE8AE3-3B38-4E28-9D61-7E79767EE734} = {CF1EFCA4-3406-4CCF-9ADC-CEC7D6A42F63}
		{A90C39A1-033E-408C-BED8-85139C102337} = {ADAE8AE3-3B38-4E28-9D61-7E79767EE734}
		{90A47458-B85C-420D-899B-DF73B89B3537} = {3508835B-F8ED-42F6-B62D-4E2E965F35CB}
		{02A92A30-B1B9-43B0-A412-C6B45A62910B} = {3508835B-F8ED-42F6-B62D-4E2E965F35CB}
		{3508835B-F8ED-42F6-B62D-4E2E965F35CB} = {F1A83320-427F-493C-90B4-7973B556E8FF}
		{9C6C9D5D-373B-4ECD-8B22-B9483ABDDE93} = {F1A83320-427F-493C-90B4-7973B556E8FF}
		{AD0FEA46-8727-4A7E-8DC3-03A96A4DB7DC} = {9C6C9D5D-373B-4ECD-8B22-B9483ABDDE93}
		{0EA4ECC1-C074-40A7-9D36-B07418BF46B4} = {FC6A7F7F-0F52-4331-90F9-A2538F091CB4}
		{F9153004-E23D-491F-B7F3-D6AFD4A3379C} = {FC6A7F7F-0F52-4331-90F9-A2538F091CB4}
		{863CBA1F-ACC6-4B0D-85E4-6FE44B6CA492} = {DDF5E60C-C71A-4C46-A6E3-2D2BCA85B436}
		{9A437B16-BF20-4837-AEDF-74117AF381F9} = {863CBA1F-ACC6-4B0D-85E4-6FE44B6CA492}
		{A5BC1CDB-BEC7-48DC-893A-F1AFBE4AB75C} = {863CBA1F-ACC6-4B0D-85E4-6FE44B6CA492}
		{DF211BAF-5FFB-4A0D-8082-703A9AB99E6F} = {DDF5E60C-C71A-4C46-A6E3-2D2BCA85B436}
		{880D106C-C06A-4527-80A7-6CD32B02BD99} = {DF211BAF-5FFB-4A0D-8082-703A9AB99E6F}
		{43871AFB-8229-40E4-81A6-3FFCC970DE96} = {DF211BAF-5FFB-4A0D-8082-703A9AB99E6F}
		{03766C72-060D-4074-A78D-B30C6D3DAD90} = {DDF5E60C-C71A-4C46-A6E3-2D2BCA85B436}
		{569DA59F-AFA2-4FDA-B286-2F17A957E9C9} = {F70179A6-F34B-4D8E-9673-9495B669A882}
		{F70179A6-F34B-4D8E-9673-9495B669A882} = {03766C72-060D-4074-A78D-B30C6D3DAD90}
		{CEDF4C74-B809-42F1-8A51-5504839815D5} = {F70179A6-F34B-4D8E-9673-9495B669A882}
		{4C29ACBF-5563-43EC-934F-C41E29BD8438} = {335B50EA-8A6A-4913-B837-E030F20B5739}
		{329A4DAD-EA6D-498C-AFD9-B3884D23B6DA} = {4C29ACBF-5563-43EC-934F-C41E29BD8438}
		{335B50EA-8A6A-4913-B837-E030F20B5739} = {03766C72-060D-4074-A78D-B30C6D3DAD90}
		{860806A3-5A70-4E0C-88D0-649619C87F80} = {335B50EA-8A6A-4913-B837-E030F20B5739}
		{D0330007-7CFF-4A2E-9964-DF26E273785C} = {860806A3-5A70-4E0C-88D0-649619C87F80}
		{89ECD582-8B35-46CB-AFED-E6BBB46662B1} = {03766C72-060D-4074-A78D-B30C6D3DAD90}
		{B63AEBE8-B02B-46F9-8729-826BE6D48913} = {89ECD582-8B35-46CB-AFED-E6BBB46662B1}
		{DF1313F4-A46E-4E2D-9A31-FFD888742244} = {050AA363-9BFC-4276-AA80-8D5A55B5D53C}
		{E1D78469-4AA1-4149-BE63-9FA0075FF6AE} = {050AA363-9BFC-4276-AA80-8D5A55B5D53C}
		{388C622C-03CA-470D-89F1-3FE116283B17} = {050AA363-9BFC-4276-AA80-8D5A55B5D53C}
		{286FF804-45C1-4743-97F5-2D9C8471BAEC} = {DF1313F4-A46E-4E2D-9A31-FFD888742244}
		{E1F09284-0352-48AF-81A5-4F62619D12BE} = {DF1313F4-A46E-4E2D-9A31-FFD888742244}
		{AC9994B6-77B7-4738-8F93-ED72A34686AF} = {18E0DA0A-A76B-4395-9FE9-100E4B00EA52}
		{DB30437A-AE76-40BF-9D5E-D73FAF4B46F2} = {AC9994B6-77B7-4738-8F93-ED72A34686AF}
		{18E0DA0A-A76B-4395-9FE9-100E4B00EA52} = {050AA363-9BFC-4276-AA80-8D5A55B5D53C}
		{55C8485F-5DAB-4253-892F-8B80B7E78216} = {18E0DA0A-A76B-4395-9FE9-100E4B00EA52}
		{DF2D064C-6225-4AC1-A9CE-9634BC62BE10} = {E1D78469-4AA1-4149-BE63-9FA0075FF6AE}
		{73608895-F114-44A6-859B-D07A4732ED15} = {E1D78469-4AA1-4149-BE63-9FA0075FF6AE}
		{DC95F807-0B12-4AF6-A89E-C449F59BB605} = {E3B9D06A-6222-4FDB-825D-F14FC55D44D5}
		{2C44515C-AC0A-4CDC-B0E3-C3A62EC126DB} = {DF1313F4-A46E-4E2D-9A31-FFD888742244}
		{0CAF6967-F88E-476D-ACBB-472FE14CB578} = {2C44515C-AC0A-4CDC-B0E3-C3A62EC126DB}
		{B45CBC8E-5618-46BB-9296-D0C3476806F0} = {2C44515C-AC0A-4CDC-B0E3-C3A62EC126DB}
		{0565DA3A-EEF2-472A-B4F3-5A08E635BC35} = {2C44515C-AC0A-4CDC-B0E3-C3A62EC126DB}
		{1DDD3EDE-F7F1-44D3-B06E-EF2CFB9F6E2D} = {2C44515C-AC0A-4CDC-B0E3-C3A62EC126DB}
		{8B80A2DB-4967-4D1C-A432-85EC09909E6B} = {55C8485F-5DAB-4253-892F-8B80B7E78216}
		{79211524-8915-474E-B4E6-D40074EBF497} = {DF1313F4-A46E-4E2D-9A31-FFD888742244}
		{E3B9D06A-6222-4FDB-825D-F14FC55D44D5} = {388C622C-03CA-470D-89F1-3FE116283B17}
		{AD8AD35C-F2A8-4C2C-A16D-680BAAE62D8A} = {E3B9D06A-6222-4FDB-825D-F14FC55D44D5}
		{7641B051-EFC7-4CDF-89BF-667E48707B05} = {18E0DA0A-A76B-4395-9FE9-100E4B00EA52}
		{1BBD224D-285B-48B0-B4C0-934EF4BC055C} = {7641B051-EFC7-4CDF-89BF-667E48707B05}
	EndGlobalSection
	GlobalSection(ExtensibilityGlobals) = postSolution
		SolutionGuid = {78AA337E-3ADF-4EB7-AB2C-D6F8E5A84EB7}
	EndGlobalSection
EndGlobal
