
Microsoft Visual Studio Solution File, Format Version 12.00
# Visual Studio Version 16
VisualStudioVersion = 16.0.28803.202
MinimumVisualStudioVersion = 10.0.40219.1
Project("{FAE04EC0-301F-11D3-BF4B-00C04F79EFBC}") = "Task_1.1.1", "Task_1.1.1\Task_1.1.1.csproj", "{320A5837-A8FC-4674-91C1-3E622596AEFA}"
EndProject
Project("{FAE04EC0-301F-11D3-BF4B-00C04F79EFBC}") = "Task_1.1.2", "Task_1.1.2\Task_1.1.2.csproj", "{424F2C19-A80E-4473-8CE9-43449C99898E}"
EndProject
Project("{FAE04EC0-301F-11D3-BF4B-00C04F79EFBC}") = "Task_1.1.3", "Task_1.1.3\Task_1.1.3.csproj", "{B4951729-51D3-46CE-95E8-A68DDCF6C129}"
EndProject
Project("{FAE04EC0-301F-11D3-BF4B-00C04F79EFBC}") = "Task_1.1.4", "Task_1.1.4\Task_1.1.4.csproj", "{E33D5D6E-D00C-4E2F-A524-E4A221EDBAFE}"
EndProject
Project("{FAE04EC0-301F-11D3-BF4B-00C04F79EFBC}") = "Task_1.1.5", "Task_1.1.5\Task_1.1.5.csproj", "{4B948F16-3367-4897-9ECE-9EC414AAF31D}"
EndProject
Project("{2150E333-8FDC-42A3-9474-1A3956D46DE8}") = "Task 1.1", "Task 1.1", "{D7CFA471-4415-4C64-9D11-67DCEE057AE3}"
EndProject
Project("{FAE04EC0-301F-11D3-BF4B-00C04F79EFBC}") = "Task_1.1.6", "Task_1.1.6\Task_1.1.6.csproj", "{B7071441-051E-418A-A247-3DA5D379F8F9}"
EndProject
Project("{FAE04EC0-301F-11D3-BF4B-00C04F79EFBC}") = "Task_1.1.7", "Task_1.1.7\Task_1.1.7.csproj", "{C5BA8477-500A-4001-AE53-68C72DFC8CA3}"
EndProject
Project("{FAE04EC0-301F-11D3-BF4B-00C04F79EFBC}") = "Task_1.1.8", "Task_1.1.8\Task_1.1.8.csproj", "{4A44C9FF-F733-4F35-9573-777B8E3ADC14}"
EndProject
Project("{FAE04EC0-301F-11D3-BF4B-00C04F79EFBC}") = "Task_1.1.9", "Task_1.1.9\Task_1.1.9.csproj", "{7CBEC3CA-BBB0-4360-9129-356C5686BF61}"
EndProject
Project("{FAE04EC0-301F-11D3-BF4B-00C04F79EFBC}") = "Task_1.1.10", "Task_1.1.10\Task_1.1.10.csproj", "{5B6DD8C5-3B47-42D8-8087-44A565291BC6}"
EndProject
Project("{2150E333-8FDC-42A3-9474-1A3956D46DE8}") = "Task 1.2", "Task 1.2", "{61F3EE64-1B8B-48BF-A377-6B099D8085BB}"
EndProject
Project("{FAE04EC0-301F-11D3-BF4B-00C04F79EFBC}") = "Task_1.2.1", "Task_1.2.1\Task_1.2.1.csproj", "{3605F23C-EDF1-48DB-A6FD-D3A84E85946C}"
EndProject
Project("{FAE04EC0-301F-11D3-BF4B-00C04F79EFBC}") = "Task_1.2.2", "Task_1.2.2\Task_1.2.2.csproj", "{D0E9A3D7-5E05-447B-8642-6E47CE29DBDA}"
EndProject
Project("{FAE04EC0-301F-11D3-BF4B-00C04F79EFBC}") = "Task_1.2.3", "Task_1.2.3\Task_1.2.3.csproj", "{26FEC755-19F7-4739-AB5E-6233D9C7DA0F}"
EndProject
Project("{FAE04EC0-301F-11D3-BF4B-00C04F79EFBC}") = "Task_1.2.4", "Task_1.2.4\Task_1.2.4.csproj", "{4E2BDB81-DF8D-4E35-BC3A-3D2EF8F36DFE}"
EndProject
Project("{2150E333-8FDC-42A3-9474-1A3956D46DE8}") = "Task 2.1", "Task 2.1", "{CF1EFCA4-3406-4CCF-9ADC-CEC7D6A42F63}"
EndProject
Project("{2150E333-8FDC-42A3-9474-1A3956D46DE8}") = "MyCustomString", "MyCustomString", "{0DDD252D-048B-4F09-AE16-0F01FB932AAA}"
EndProject
Project("{FAE04EC0-301F-11D3-BF4B-00C04F79EFBC}") = "CustomString", "CustomString\CustomString.csproj", "{46E72C9F-4079-4C89-9359-571C128A81DF}"
EndProject
Project("{FAE04EC0-301F-11D3-BF4B-00C04F79EFBC}") = "CustomStringTest", "CustomStringTest\CustomStringTest.csproj", "{ACAA7C56-E4E0-4A01-928F-939C2043A676}"
EndProject
Project("{2150E333-8FDC-42A3-9474-1A3956D46DE8}") = "Figure", "Figure", "{ADAE8AE3-3B38-4E28-9D61-7E79767EE734}"
EndProject
Project("{FAE04EC0-301F-11D3-BF4B-00C04F79EFBC}") = "Figures", "Figures\Figures.csproj", "{A90C39A1-033E-408C-BED8-85139C102337}"
EndProject
Global
	GlobalSection(SolutionConfigurationPlatforms) = preSolution
		Debug|Any CPU = Debug|Any CPU
		Release|Any CPU = Release|Any CPU
	EndGlobalSection
	GlobalSection(ProjectConfigurationPlatforms) = postSolution
		{320A5837-A8FC-4674-91C1-3E622596AEFA}.Debug|Any CPU.ActiveCfg = Debug|Any CPU
		{320A5837-A8FC-4674-91C1-3E622596AEFA}.Debug|Any CPU.Build.0 = Debug|Any CPU
		{320A5837-A8FC-4674-91C1-3E622596AEFA}.Release|Any CPU.ActiveCfg = Release|Any CPU
		{320A5837-A8FC-4674-91C1-3E622596AEFA}.Release|Any CPU.Build.0 = Release|Any CPU
		{424F2C19-A80E-4473-8CE9-43449C99898E}.Debug|Any CPU.ActiveCfg = Debug|Any CPU
		{424F2C19-A80E-4473-8CE9-43449C99898E}.Debug|Any CPU.Build.0 = Debug|Any CPU
		{424F2C19-A80E-4473-8CE9-43449C99898E}.Release|Any CPU.ActiveCfg = Release|Any CPU
		{424F2C19-A80E-4473-8CE9-43449C99898E}.Release|Any CPU.Build.0 = Release|Any CPU
		{B4951729-51D3-46CE-95E8-A68DDCF6C129}.Debug|Any CPU.ActiveCfg = Debug|Any CPU
		{B4951729-51D3-46CE-95E8-A68DDCF6C129}.Debug|Any CPU.Build.0 = Debug|Any CPU
		{B4951729-51D3-46CE-95E8-A68DDCF6C129}.Release|Any CPU.ActiveCfg = Release|Any CPU
		{B4951729-51D3-46CE-95E8-A68DDCF6C129}.Release|Any CPU.Build.0 = Release|Any CPU
		{E33D5D6E-D00C-4E2F-A524-E4A221EDBAFE}.Debug|Any CPU.ActiveCfg = Debug|Any CPU
		{E33D5D6E-D00C-4E2F-A524-E4A221EDBAFE}.Debug|Any CPU.Build.0 = Debug|Any CPU
		{E33D5D6E-D00C-4E2F-A524-E4A221EDBAFE}.Release|Any CPU.ActiveCfg = Release|Any CPU
		{E33D5D6E-D00C-4E2F-A524-E4A221EDBAFE}.Release|Any CPU.Build.0 = Release|Any CPU
		{4B948F16-3367-4897-9ECE-9EC414AAF31D}.Debug|Any CPU.ActiveCfg = Debug|Any CPU
		{4B948F16-3367-4897-9ECE-9EC414AAF31D}.Debug|Any CPU.Build.0 = Debug|Any CPU
		{4B948F16-3367-4897-9ECE-9EC414AAF31D}.Release|Any CPU.ActiveCfg = Release|Any CPU
		{4B948F16-3367-4897-9ECE-9EC414AAF31D}.Release|Any CPU.Build.0 = Release|Any CPU
		{B7071441-051E-418A-A247-3DA5D379F8F9}.Debug|Any CPU.ActiveCfg = Debug|Any CPU
		{B7071441-051E-418A-A247-3DA5D379F8F9}.Debug|Any CPU.Build.0 = Debug|Any CPU
		{B7071441-051E-418A-A247-3DA5D379F8F9}.Release|Any CPU.ActiveCfg = Release|Any CPU
		{B7071441-051E-418A-A247-3DA5D379F8F9}.Release|Any CPU.Build.0 = Release|Any CPU
		{C5BA8477-500A-4001-AE53-68C72DFC8CA3}.Debug|Any CPU.ActiveCfg = Debug|Any CPU
		{C5BA8477-500A-4001-AE53-68C72DFC8CA3}.Debug|Any CPU.Build.0 = Debug|Any CPU
		{C5BA8477-500A-4001-AE53-68C72DFC8CA3}.Release|Any CPU.ActiveCfg = Release|Any CPU
		{C5BA8477-500A-4001-AE53-68C72DFC8CA3}.Release|Any CPU.Build.0 = Release|Any CPU
		{4A44C9FF-F733-4F35-9573-777B8E3ADC14}.Debug|Any CPU.ActiveCfg = Debug|Any CPU
		{4A44C9FF-F733-4F35-9573-777B8E3ADC14}.Debug|Any CPU.Build.0 = Debug|Any CPU
		{4A44C9FF-F733-4F35-9573-777B8E3ADC14}.Release|Any CPU.ActiveCfg = Release|Any CPU
		{4A44C9FF-F733-4F35-9573-777B8E3ADC14}.Release|Any CPU.Build.0 = Release|Any CPU
		{7CBEC3CA-BBB0-4360-9129-356C5686BF61}.Debug|Any CPU.ActiveCfg = Debug|Any CPU
		{7CBEC3CA-BBB0-4360-9129-356C5686BF61}.Debug|Any CPU.Build.0 = Debug|Any CPU
		{7CBEC3CA-BBB0-4360-9129-356C5686BF61}.Release|Any CPU.ActiveCfg = Release|Any CPU
		{7CBEC3CA-BBB0-4360-9129-356C5686BF61}.Release|Any CPU.Build.0 = Release|Any CPU
		{5B6DD8C5-3B47-42D8-8087-44A565291BC6}.Debug|Any CPU.ActiveCfg = Debug|Any CPU
		{5B6DD8C5-3B47-42D8-8087-44A565291BC6}.Debug|Any CPU.Build.0 = Debug|Any CPU
		{5B6DD8C5-3B47-42D8-8087-44A565291BC6}.Release|Any CPU.ActiveCfg = Release|Any CPU
		{5B6DD8C5-3B47-42D8-8087-44A565291BC6}.Release|Any CPU.Build.0 = Release|Any CPU
		{3605F23C-EDF1-48DB-A6FD-D3A84E85946C}.Debug|Any CPU.ActiveCfg = Debug|Any CPU
		{3605F23C-EDF1-48DB-A6FD-D3A84E85946C}.Debug|Any CPU.Build.0 = Debug|Any CPU
		{3605F23C-EDF1-48DB-A6FD-D3A84E85946C}.Release|Any CPU.ActiveCfg = Release|Any CPU
		{3605F23C-EDF1-48DB-A6FD-D3A84E85946C}.Release|Any CPU.Build.0 = Release|Any CPU
		{D0E9A3D7-5E05-447B-8642-6E47CE29DBDA}.Debug|Any CPU.ActiveCfg = Debug|Any CPU
		{D0E9A3D7-5E05-447B-8642-6E47CE29DBDA}.Debug|Any CPU.Build.0 = Debug|Any CPU
		{D0E9A3D7-5E05-447B-8642-6E47CE29DBDA}.Release|Any CPU.ActiveCfg = Release|Any CPU
		{D0E9A3D7-5E05-447B-8642-6E47CE29DBDA}.Release|Any CPU.Build.0 = Release|Any CPU
		{26FEC755-19F7-4739-AB5E-6233D9C7DA0F}.Debug|Any CPU.ActiveCfg = Debug|Any CPU
		{26FEC755-19F7-4739-AB5E-6233D9C7DA0F}.Debug|Any CPU.Build.0 = Debug|Any CPU
		{26FEC755-19F7-4739-AB5E-6233D9C7DA0F}.Release|Any CPU.ActiveCfg = Release|Any CPU
		{26FEC755-19F7-4739-AB5E-6233D9C7DA0F}.Release|Any CPU.Build.0 = Release|Any CPU
		{4E2BDB81-DF8D-4E35-BC3A-3D2EF8F36DFE}.Debug|Any CPU.ActiveCfg = Debug|Any CPU
		{4E2BDB81-DF8D-4E35-BC3A-3D2EF8F36DFE}.Debug|Any CPU.Build.0 = Debug|Any CPU
		{4E2BDB81-DF8D-4E35-BC3A-3D2EF8F36DFE}.Release|Any CPU.ActiveCfg = Release|Any CPU
		{4E2BDB81-DF8D-4E35-BC3A-3D2EF8F36DFE}.Release|Any CPU.Build.0 = Release|Any CPU
		{46E72C9F-4079-4C89-9359-571C128A81DF}.Debug|Any CPU.ActiveCfg = Debug|Any CPU
		{46E72C9F-4079-4C89-9359-571C128A81DF}.Debug|Any CPU.Build.0 = Debug|Any CPU
		{46E72C9F-4079-4C89-9359-571C128A81DF}.Release|Any CPU.ActiveCfg = Release|Any CPU
		{46E72C9F-4079-4C89-9359-571C128A81DF}.Release|Any CPU.Build.0 = Release|Any CPU
		{ACAA7C56-E4E0-4A01-928F-939C2043A676}.Debug|Any CPU.ActiveCfg = Debug|Any CPU
		{ACAA7C56-E4E0-4A01-928F-939C2043A676}.Debug|Any CPU.Build.0 = Debug|Any CPU
		{ACAA7C56-E4E0-4A01-928F-939C2043A676}.Release|Any CPU.ActiveCfg = Release|Any CPU
		{ACAA7C56-E4E0-4A01-928F-939C2043A676}.Release|Any CPU.Build.0 = Release|Any CPU
		{A90C39A1-033E-408C-BED8-85139C102337}.Debug|Any CPU.ActiveCfg = Debug|Any CPU
		{A90C39A1-033E-408C-BED8-85139C102337}.Debug|Any CPU.Build.0 = Debug|Any CPU
		{A90C39A1-033E-408C-BED8-85139C102337}.Release|Any CPU.ActiveCfg = Release|Any CPU
		{A90C39A1-033E-408C-BED8-85139C102337}.Release|Any CPU.Build.0 = Release|Any CPU
	EndGlobalSection
	GlobalSection(SolutionProperties) = preSolution
		HideSolutionNode = FALSE
	EndGlobalSection
	GlobalSection(NestedProjects) = preSolution
		{320A5837-A8FC-4674-91C1-3E622596AEFA} = {D7CFA471-4415-4C64-9D11-67DCEE057AE3}
		{424F2C19-A80E-4473-8CE9-43449C99898E} = {D7CFA471-4415-4C64-9D11-67DCEE057AE3}
		{B4951729-51D3-46CE-95E8-A68DDCF6C129} = {D7CFA471-4415-4C64-9D11-67DCEE057AE3}
		{E33D5D6E-D00C-4E2F-A524-E4A221EDBAFE} = {D7CFA471-4415-4C64-9D11-67DCEE057AE3}
		{4B948F16-3367-4897-9ECE-9EC414AAF31D} = {D7CFA471-4415-4C64-9D11-67DCEE057AE3}
		{B7071441-051E-418A-A247-3DA5D379F8F9} = {D7CFA471-4415-4C64-9D11-67DCEE057AE3}
		{C5BA8477-500A-4001-AE53-68C72DFC8CA3} = {D7CFA471-4415-4C64-9D11-67DCEE057AE3}
		{4A44C9FF-F733-4F35-9573-777B8E3ADC14} = {D7CFA471-4415-4C64-9D11-67DCEE057AE3}
		{7CBEC3CA-BBB0-4360-9129-356C5686BF61} = {D7CFA471-4415-4C64-9D11-67DCEE057AE3}
		{5B6DD8C5-3B47-42D8-8087-44A565291BC6} = {D7CFA471-4415-4C64-9D11-67DCEE057AE3}
		{3605F23C-EDF1-48DB-A6FD-D3A84E85946C} = {61F3EE64-1B8B-48BF-A377-6B099D8085BB}
		{D0E9A3D7-5E05-447B-8642-6E47CE29DBDA} = {61F3EE64-1B8B-48BF-A377-6B099D8085BB}
		{26FEC755-19F7-4739-AB5E-6233D9C7DA0F} = {61F3EE64-1B8B-48BF-A377-6B099D8085BB}
		{4E2BDB81-DF8D-4E35-BC3A-3D2EF8F36DFE} = {61F3EE64-1B8B-48BF-A377-6B099D8085BB}
		{0DDD252D-048B-4F09-AE16-0F01FB932AAA} = {CF1EFCA4-3406-4CCF-9ADC-CEC7D6A42F63}
		{46E72C9F-4079-4C89-9359-571C128A81DF} = {0DDD252D-048B-4F09-AE16-0F01FB932AAA}
		{ACAA7C56-E4E0-4A01-928F-939C2043A676} = {0DDD252D-048B-4F09-AE16-0F01FB932AAA}
		{ADAE8AE3-3B38-4E28-9D61-7E79767EE734} = {CF1EFCA4-3406-4CCF-9ADC-CEC7D6A42F63}
		{A90C39A1-033E-408C-BED8-85139C102337} = {ADAE8AE3-3B38-4E28-9D61-7E79767EE734}
	EndGlobalSection
	GlobalSection(ExtensibilityGlobals) = postSolution
		SolutionGuid = {78AA337E-3ADF-4EB7-AB2C-D6F8E5A84EB7}
	EndGlobalSection
EndGlobal
