
Microsoft Visual Studio Solution File, Format Version 12.00
# Visual Studio Version 16
VisualStudioVersion = 16.0.30225.117
MinimumVisualStudioVersion = 10.0.40219.1
Project("{FAE04EC0-301F-11D3-BF4B-00C04F79EFBC}") = "ProgramDieOrDie", "ProgramDieOrDie\ProgramDieOrDie.csproj", "{90A47458-B85C-420D-899B-DF73B89B3537}"
EndProject
Project("{FAE04EC0-301F-11D3-BF4B-00C04F79EFBC}") = "TestMyCouting", "TestMyCouting\TestMyCouting.csproj", "{02A92A30-B1B9-43B0-A412-C6B45A62910B}"
EndProject
Project("{FAE04EC0-301F-11D3-BF4B-00C04F79EFBC}") = "TextAnalysis", "TextAnalysis\TextAnalysis.csproj", "{AD0FEA46-8727-4A7E-8DC3-03A96A4DB7DC}"
EndProject
Project("{2150E333-8FDC-42A3-9474-1A3956D46DE8}") = "3.1.1", "3.1.1", "{577C12D8-5063-4644-B87E-DDBD6071EDC8}"
EndProject
Project("{2150E333-8FDC-42A3-9474-1A3956D46DE8}") = "TestAnalysis", "TestAnalysis", "{A23AA14C-573A-4CD9-A330-018C05DA4EBD}"
EndProject
Global
	GlobalSection(SolutionConfigurationPlatforms) = preSolution
		Debug|Any CPU = Debug|Any CPU
		Release|Any CPU = Release|Any CPU
	EndGlobalSection
	GlobalSection(ProjectConfigurationPlatforms) = postSolution
		{90A47458-B85C-420D-899B-DF73B89B3537}.Debug|Any CPU.ActiveCfg = Debug|Any CPU
		{90A47458-B85C-420D-899B-DF73B89B3537}.Debug|Any CPU.Build.0 = Debug|Any CPU
		{90A47458-B85C-420D-899B-DF73B89B3537}.Release|Any CPU.ActiveCfg = Release|Any CPU
		{90A47458-B85C-420D-899B-DF73B89B3537}.Release|Any CPU.Build.0 = Release|Any CPU
		{02A92A30-B1B9-43B0-A412-C6B45A62910B}.Debug|Any CPU.ActiveCfg = Debug|Any CPU
		{02A92A30-B1B9-43B0-A412-C6B45A62910B}.Debug|Any CPU.Build.0 = Debug|Any CPU
		{02A92A30-B1B9-43B0-A412-C6B45A62910B}.Release|Any CPU.ActiveCfg = Release|Any CPU
		{02A92A30-B1B9-43B0-A412-C6B45A62910B}.Release|Any CPU.Build.0 = Release|Any CPU
		{AD0FEA46-8727-4A7E-8DC3-03A96A4DB7DC}.Debug|Any CPU.ActiveCfg = Debug|Any CPU
		{AD0FEA46-8727-4A7E-8DC3-03A96A4DB7DC}.Debug|Any CPU.Build.0 = Debug|Any CPU
		{AD0FEA46-8727-4A7E-8DC3-03A96A4DB7DC}.Release|Any CPU.ActiveCfg = Release|Any CPU
		{AD0FEA46-8727-4A7E-8DC3-03A96A4DB7DC}.Release|Any CPU.Build.0 = Release|Any CPU
	EndGlobalSection
	GlobalSection(SolutionProperties) = preSolution
		HideSolutionNode = FALSE
	EndGlobalSection
	GlobalSection(NestedProjects) = preSolution
		{90A47458-B85C-420D-899B-DF73B89B3537} = {577C12D8-5063-4644-B87E-DDBD6071EDC8}
		{02A92A30-B1B9-43B0-A412-C6B45A62910B} = {577C12D8-5063-4644-B87E-DDBD6071EDC8}
		{AD0FEA46-8727-4A7E-8DC3-03A96A4DB7DC} = {A23AA14C-573A-4CD9-A330-018C05DA4EBD}
	EndGlobalSection
	GlobalSection(ExtensibilityGlobals) = postSolution
		SolutionGuid = {4098FCCF-706A-419F-B2E5-1DD4B70FDE06}
	EndGlobalSection
EndGlobal
