
Microsoft Visual Studio Solution File, Format Version 12.00
# Visual Studio Version 16
VisualStudioVersion = 16.0.30225.117
MinimumVisualStudioVersion = 10.0.40219.1
Project("{FAE04EC0-301F-11D3-BF4B-00C04F79EFBC}") = "DynamicArrayTest", "DynamicArrayTest\DynamicArrayTest.csproj", "{F9153004-E23D-491F-B7F3-D6AFD4A3379C}"
EndProject
Project("{9A19103F-16F7-4668-BE54-9A1E7A4F7556}") = "MyDynamicArray", "MyDynamicArray\MyDynamicArray.csproj", "{E3E176C1-8A1D-418A-A319-24F878731E91}"
EndProject
Global
	GlobalSection(SolutionConfigurationPlatforms) = preSolution
		Debug|Any CPU = Debug|Any CPU
		Release|Any CPU = Release|Any CPU
	EndGlobalSection
	GlobalSection(ProjectConfigurationPlatforms) = postSolution
		{F9153004-E23D-491F-B7F3-D6AFD4A3379C}.Debug|Any CPU.ActiveCfg = Debug|Any CPU
		{F9153004-E23D-491F-B7F3-D6AFD4A3379C}.Debug|Any CPU.Build.0 = Debug|Any CPU
		{F9153004-E23D-491F-B7F3-D6AFD4A3379C}.Release|Any CPU.ActiveCfg = Release|Any CPU
		{F9153004-E23D-491F-B7F3-D6AFD4A3379C}.Release|Any CPU.Build.0 = Release|Any CPU
		{E3E176C1-8A1D-418A-A319-24F878731E91}.Debug|Any CPU.ActiveCfg = Debug|Any CPU
		{E3E176C1-8A1D-418A-A319-24F878731E91}.Debug|Any CPU.Build.0 = Debug|Any CPU
		{E3E176C1-8A1D-418A-A319-24F878731E91}.Release|Any CPU.ActiveCfg = Release|Any CPU
		{E3E176C1-8A1D-418A-A319-24F878731E91}.Release|Any CPU.Build.0 = Release|Any CPU
	EndGlobalSection
	GlobalSection(SolutionProperties) = preSolution
		HideSolutionNode = FALSE
	EndGlobalSection
	GlobalSection(ExtensibilityGlobals) = postSolution
		SolutionGuid = {4430B6F5-2762-4324-8167-EE41154E5900}
	EndGlobalSection
EndGlobal
