
Microsoft Visual Studio Solution File, Format Version 12.00
# Visual Studio Version 16
VisualStudioVersion = 16.0.30225.117
MinimumVisualStudioVersion = 10.0.40219.1
Project("{2150E333-8FDC-42A3-9474-1A3956D46DE8}") = "BLL", "BLL", "{AA1ECCCF-90CB-4D68-9F28-4AE83A11BD0F}"
EndProject
Project("{2150E333-8FDC-42A3-9474-1A3956D46DE8}") = "DAL", "DAL", "{4D3290B3-F8AD-4ED4-9935-70CDA9BE4953}"
EndProject
Project("{2150E333-8FDC-42A3-9474-1A3956D46DE8}") = "PL", "PL", "{3C81ED34-DB3F-4E1B-99B1-D8C71AA5C4B9}"
EndProject
Project("{FAE04EC0-301F-11D3-BF4B-00C04F79EFBC}") = "Epam.Achievement.BLL", "Epam.Achievement.BLL\Epam.Achievement.BLL.csproj", "{21C69E1B-F363-480F-A47A-2BB535EC78EA}"
EndProject
Project("{FAE04EC0-301F-11D3-BF4B-00C04F79EFBC}") = "Epam.Achievement.BLL.Interface", "Epam.Achievement.BLL.Interface\Epam.Achievement.BLL.Interface.csproj", "{E33708DE-2A1D-40E7-8E4F-B59C6A520ACA}"
EndProject
Project("{FAE04EC0-301F-11D3-BF4B-00C04F79EFBC}") = "Epam.Achievement.FakeDAL", "Epam.Achievement.DAL\Epam.Achievement.FakeDAL.csproj", "{2A8AD47A-CB36-4210-ABDF-B4FCF12E3618}"
EndProject
Project("{FAE04EC0-301F-11D3-BF4B-00C04F79EFBC}") = "Epam.Achievement.DAL.Interface", "Epam.Achievement.DAL.Interface\Epam.Achievement.DAL.Interface.csproj", "{35E8C44D-EDA8-4CBD-B7A5-A7A060E3E77A}"
EndProject
Project("{2150E333-8FDC-42A3-9474-1A3956D46DE8}") = "Common", "Common", "{0BD82F13-6095-45F0-8246-F739A1F525B1}"
EndProject
Project("{2150E333-8FDC-42A3-9474-1A3956D46DE8}") = "Entities", "Entities", "{513E77D6-EEF4-49E7-BB4C-ED1BADA9AF26}"
EndProject
Project("{FAE04EC0-301F-11D3-BF4B-00C04F79EFBC}") = "Epam.Achievement.Entities", "Epam.Achievement.Entities\Epam.Achievement.Entities.csproj", "{A15C590E-E784-4C98-8462-20AC11B6DFDF}"
EndProject
Project("{FAE04EC0-301F-11D3-BF4B-00C04F79EFBC}") = "Epam.Acvievement.ConsolePL", "Epam.Acvievement.ConsolePL\Epam.Acvievement.ConsolePL.csproj", "{98DF8D63-BAA6-4601-82B5-E63FA50A2B58}"
EndProject
Project("{2150E333-8FDC-42A3-9474-1A3956D46DE8}") = "Ioc", "Ioc", "{4669691D-A6F9-4341-A7B6-23533FB30618}"
EndProject
Project("{FAE04EC0-301F-11D3-BF4B-00C04F79EFBC}") = "Epam.Achievement.Ioc", "Epam.Achievement.Ioc\Epam.Achievement.Ioc.csproj", "{3CF6C897-9AFE-4992-915C-9DCDD83D37FA}"
EndProject
Project("{FAE04EC0-301F-11D3-BF4B-00C04F79EFBC}") = "Epam.Achievement.WebPL", "Epam.Achievement.WebPL\Epam.Achievement.WebPL.csproj", "{E1109B55-7B3D-47B5-A0E1-562E409D37C9}"
EndProject
Global
	GlobalSection(SolutionConfigurationPlatforms) = preSolution
		Debug|Any CPU = Debug|Any CPU
		Release|Any CPU = Release|Any CPU
	EndGlobalSection
	GlobalSection(ProjectConfigurationPlatforms) = postSolution
		{21C69E1B-F363-480F-A47A-2BB535EC78EA}.Debug|Any CPU.ActiveCfg = Debug|Any CPU
		{21C69E1B-F363-480F-A47A-2BB535EC78EA}.Debug|Any CPU.Build.0 = Debug|Any CPU
		{21C69E1B-F363-480F-A47A-2BB535EC78EA}.Release|Any CPU.ActiveCfg = Release|Any CPU
		{21C69E1B-F363-480F-A47A-2BB535EC78EA}.Release|Any CPU.Build.0 = Release|Any CPU
		{E33708DE-2A1D-40E7-8E4F-B59C6A520ACA}.Debug|Any CPU.ActiveCfg = Debug|Any CPU
		{E33708DE-2A1D-40E7-8E4F-B59C6A520ACA}.Debug|Any CPU.Build.0 = Debug|Any CPU
		{E33708DE-2A1D-40E7-8E4F-B59C6A520ACA}.Release|Any CPU.ActiveCfg = Release|Any CPU
		{E33708DE-2A1D-40E7-8E4F-B59C6A520ACA}.Release|Any CPU.Build.0 = Release|Any CPU
		{2A8AD47A-CB36-4210-ABDF-B4FCF12E3618}.Debug|Any CPU.ActiveCfg = Debug|Any CPU
		{2A8AD47A-CB36-4210-ABDF-B4FCF12E3618}.Debug|Any CPU.Build.0 = Debug|Any CPU
		{2A8AD47A-CB36-4210-ABDF-B4FCF12E3618}.Release|Any CPU.ActiveCfg = Release|Any CPU
		{2A8AD47A-CB36-4210-ABDF-B4FCF12E3618}.Release|Any CPU.Build.0 = Release|Any CPU
		{35E8C44D-EDA8-4CBD-B7A5-A7A060E3E77A}.Debug|Any CPU.ActiveCfg = Debug|Any CPU
		{35E8C44D-EDA8-4CBD-B7A5-A7A060E3E77A}.Debug|Any CPU.Build.0 = Debug|Any CPU
		{35E8C44D-EDA8-4CBD-B7A5-A7A060E3E77A}.Release|Any CPU.ActiveCfg = Release|Any CPU
		{35E8C44D-EDA8-4CBD-B7A5-A7A060E3E77A}.Release|Any CPU.Build.0 = Release|Any CPU
		{A15C590E-E784-4C98-8462-20AC11B6DFDF}.Debug|Any CPU.ActiveCfg = Debug|Any CPU
		{A15C590E-E784-4C98-8462-20AC11B6DFDF}.Debug|Any CPU.Build.0 = Debug|Any CPU
		{A15C590E-E784-4C98-8462-20AC11B6DFDF}.Release|Any CPU.ActiveCfg = Release|Any CPU
		{A15C590E-E784-4C98-8462-20AC11B6DFDF}.Release|Any CPU.Build.0 = Release|Any CPU
		{98DF8D63-BAA6-4601-82B5-E63FA50A2B58}.Debug|Any CPU.ActiveCfg = Debug|Any CPU
		{98DF8D63-BAA6-4601-82B5-E63FA50A2B58}.Debug|Any CPU.Build.0 = Debug|Any CPU
		{98DF8D63-BAA6-4601-82B5-E63FA50A2B58}.Release|Any CPU.ActiveCfg = Release|Any CPU
		{98DF8D63-BAA6-4601-82B5-E63FA50A2B58}.Release|Any CPU.Build.0 = Release|Any CPU
		{3CF6C897-9AFE-4992-915C-9DCDD83D37FA}.Debug|Any CPU.ActiveCfg = Debug|Any CPU
		{3CF6C897-9AFE-4992-915C-9DCDD83D37FA}.Debug|Any CPU.Build.0 = Debug|Any CPU
		{3CF6C897-9AFE-4992-915C-9DCDD83D37FA}.Release|Any CPU.ActiveCfg = Release|Any CPU
		{3CF6C897-9AFE-4992-915C-9DCDD83D37FA}.Release|Any CPU.Build.0 = Release|Any CPU
		{E1109B55-7B3D-47B5-A0E1-562E409D37C9}.Debug|Any CPU.ActiveCfg = Debug|Any CPU
		{E1109B55-7B3D-47B5-A0E1-562E409D37C9}.Debug|Any CPU.Build.0 = Debug|Any CPU
		{E1109B55-7B3D-47B5-A0E1-562E409D37C9}.Release|Any CPU.ActiveCfg = Release|Any CPU
		{E1109B55-7B3D-47B5-A0E1-562E409D37C9}.Release|Any CPU.Build.0 = Release|Any CPU
	EndGlobalSection
	GlobalSection(SolutionProperties) = preSolution
		HideSolutionNode = FALSE
	EndGlobalSection
	GlobalSection(NestedProjects) = preSolution
		{21C69E1B-F363-480F-A47A-2BB535EC78EA} = {AA1ECCCF-90CB-4D68-9F28-4AE83A11BD0F}
		{E33708DE-2A1D-40E7-8E4F-B59C6A520ACA} = {AA1ECCCF-90CB-4D68-9F28-4AE83A11BD0F}
		{2A8AD47A-CB36-4210-ABDF-B4FCF12E3618} = {4D3290B3-F8AD-4ED4-9935-70CDA9BE4953}
		{35E8C44D-EDA8-4CBD-B7A5-A7A060E3E77A} = {4D3290B3-F8AD-4ED4-9935-70CDA9BE4953}
		{513E77D6-EEF4-49E7-BB4C-ED1BADA9AF26} = {0BD82F13-6095-45F0-8246-F739A1F525B1}
		{A15C590E-E784-4C98-8462-20AC11B6DFDF} = {513E77D6-EEF4-49E7-BB4C-ED1BADA9AF26}
		{98DF8D63-BAA6-4601-82B5-E63FA50A2B58} = {3C81ED34-DB3F-4E1B-99B1-D8C71AA5C4B9}
		{3CF6C897-9AFE-4992-915C-9DCDD83D37FA} = {4669691D-A6F9-4341-A7B6-23533FB30618}
		{E1109B55-7B3D-47B5-A0E1-562E409D37C9} = {3C81ED34-DB3F-4E1B-99B1-D8C71AA5C4B9}
	EndGlobalSection
	GlobalSection(ExtensibilityGlobals) = postSolution
		SolutionGuid = {B8D95DAD-7403-4693-AED8-D98AECD5C217}
	EndGlobalSection
EndGlobal
