
Microsoft Visual Studio Solution File, Format Version 12.00
# Visual Studio Version 16
VisualStudioVersion = 16.0.28803.202
MinimumVisualStudioVersion = 10.0.40219.1
Project("{FAE04EC0-301F-11D3-BF4B-00C04F79EFBC}") = "Epam", "Epam\Epam.csproj", "{FDF24B6D-A26E-48D5-8F88-1CC084D4D772}"
EndProject
Global
	GlobalSection(SolutionConfigurationPlatforms) = preSolution
		Debug|Any CPU = Debug|Any CPU
		Release|Any CPU = Release|Any CPU
	EndGlobalSection
	GlobalSection(ProjectConfigurationPlatforms) = postSolution
		{FDF24B6D-A26E-48D5-8F88-1CC084D4D772}.Debug|Any CPU.ActiveCfg = Debug|Any CPU
		{FDF24B6D-A26E-48D5-8F88-1CC084D4D772}.Debug|Any CPU.Build.0 = Debug|Any CPU
		{FDF24B6D-A26E-48D5-8F88-1CC084D4D772}.Release|Any CPU.ActiveCfg = Release|Any CPU
		{FDF24B6D-A26E-48D5-8F88-1CC084D4D772}.Release|Any CPU.Build.0 = Release|Any CPU
	EndGlobalSection
	GlobalSection(SolutionProperties) = preSolution
		HideSolutionNode = FALSE
	EndGlobalSection
	GlobalSection(ExtensibilityGlobals) = postSolution
		SolutionGuid = {78AA337E-3ADF-4EB7-AB2C-D6F8E5A84EB7}
	EndGlobalSection
EndGlobal
