
Microsoft Visual Studio Solution File, Format Version 12.00
# Visual Studio Version 16
VisualStudioVersion = 16.0.30225.117
MinimumVisualStudioVersion = 10.0.40219.1
Project("{2150E333-8FDC-42A3-9474-1A3956D46DE8}") = "Task_3.3.1", "Task_3.3.1", "{C2B6BED6-61FD-4527-902A-0E05859EAC13}"
EndProject
Project("{FAE04EC0-301F-11D3-BF4B-00C04F79EFBC}") = "ArrayExtentionMethod", "ArrayExtentionMethod\ArrayExtentionMethod.csproj", "{9A437B16-BF20-4837-AEDF-74117AF381F9}"
EndProject
Project("{FAE04EC0-301F-11D3-BF4B-00C04F79EFBC}") = "ArrayExtentionsMethodsTest", "ArrayExtentionsMethodsTest\ArrayExtentionsMethodsTest.csproj", "{A5BC1CDB-BEC7-48DC-893A-F1AFBE4AB75C}"
EndProject
Project("{2150E333-8FDC-42A3-9474-1A3956D46DE8}") = "Task_3.3.2", "Task_3.3.2", "{DCC57174-80B7-44D0-BEB4-FF23809928AF}"
EndProject
Project("{FAE04EC0-301F-11D3-BF4B-00C04F79EFBC}") = "MyExtentionString", "MyExtentionString\MyExtentionString.csproj", "{880D106C-C06A-4527-80A7-6CD32B02BD99}"
EndProject
Project("{FAE04EC0-301F-11D3-BF4B-00C04F79EFBC}") = "MyExtentionStringTest", "MyExtentionStringTest\MyExtentionStringTest.csproj", "{43871AFB-8229-40E4-81A6-3FFCC970DE96}"
EndProject
Project("{2150E333-8FDC-42A3-9474-1A3956D46DE8}") = "Task_3.3.3", "Task_3.3.3", "{DF1C224A-2F64-4EFE-98E1-FB0CEABF104A}"
EndProject
Project("{2150E333-8FDC-42A3-9474-1A3956D46DE8}") = "BLL", "BLL", "{E450817E-E3DB-4CFC-BA91-40FE424EBEFC}"
EndProject
Project("{2150E333-8FDC-42A3-9474-1A3956D46DE8}") = "Common", "Common", "{554A69F1-3F22-4719-9AE9-85BDECF5A20B}"
EndProject
Project("{2150E333-8FDC-42A3-9474-1A3956D46DE8}") = "Entities", "Entities", "{85DC38CA-7B81-4444-8414-764597677213}"
EndProject
Project("{2150E333-8FDC-42A3-9474-1A3956D46DE8}") = "Product", "Product", "{598403E5-FA75-4044-AC85-9A08293FAD25}"
EndProject
Project("{2150E333-8FDC-42A3-9474-1A3956D46DE8}") = "PL", "PL", "{DA4DC1FE-6A91-4863-BB8F-A2CEB1961C4A}"
EndProject
Project("{FAE04EC0-301F-11D3-BF4B-00C04F79EFBC}") = "Pizzeria.BL", "Pizzeria.BL\Pizzeria.BL.csproj", "{569DA59F-AFA2-4FDA-B286-2F17A957E9C9}"
EndProject
Project("{FAE04EC0-301F-11D3-BF4B-00C04F79EFBC}") = "Pizzeria.BL.Interface", "Pizzeria.BL.Interface\Pizzeria.BL.Interface.csproj", "{CEDF4C74-B809-42F1-8A51-5504839815D5}"
EndProject
Project("{FAE04EC0-301F-11D3-BF4B-00C04F79EFBC}") = "Pizzeria.Entities", "Pizzeria.Entities\Pizzeria.Entities.csproj", "{329A4DAD-EA6D-498C-AFD9-B3884D23B6DA}"
EndProject
Project("{FAE04EC0-301F-11D3-BF4B-00C04F79EFBC}") = "Pizzeria.Product", "Pizzeria.Product\Pizzeria.Product.csproj", "{D0330007-7CFF-4A2E-9964-DF26E273785C}"
EndProject
Project("{FAE04EC0-301F-11D3-BF4B-00C04F79EFBC}") = "Pizzeria.ConsolePL", "Pizzeria.ConsolePL\Pizzeria.ConsolePL.csproj", "{B63AEBE8-B02B-46F9-8729-826BE6D48913}"
EndProject
Global
	GlobalSection(SolutionConfigurationPlatforms) = preSolution
		Debug|Any CPU = Debug|Any CPU
		Release|Any CPU = Release|Any CPU
	EndGlobalSection
	GlobalSection(ProjectConfigurationPlatforms) = postSolution
		{9A437B16-BF20-4837-AEDF-74117AF381F9}.Debug|Any CPU.ActiveCfg = Debug|Any CPU
		{9A437B16-BF20-4837-AEDF-74117AF381F9}.Debug|Any CPU.Build.0 = Debug|Any CPU
		{9A437B16-BF20-4837-AEDF-74117AF381F9}.Release|Any CPU.ActiveCfg = Release|Any CPU
		{9A437B16-BF20-4837-AEDF-74117AF381F9}.Release|Any CPU.Build.0 = Release|Any CPU
		{A5BC1CDB-BEC7-48DC-893A-F1AFBE4AB75C}.Debug|Any CPU.ActiveCfg = Debug|Any CPU
		{A5BC1CDB-BEC7-48DC-893A-F1AFBE4AB75C}.Debug|Any CPU.Build.0 = Debug|Any CPU
		{A5BC1CDB-BEC7-48DC-893A-F1AFBE4AB75C}.Release|Any CPU.ActiveCfg = Release|Any CPU
		{A5BC1CDB-BEC7-48DC-893A-F1AFBE4AB75C}.Release|Any CPU.Build.0 = Release|Any CPU
		{880D106C-C06A-4527-80A7-6CD32B02BD99}.Debug|Any CPU.ActiveCfg = Debug|Any CPU
		{880D106C-C06A-4527-80A7-6CD32B02BD99}.Debug|Any CPU.Build.0 = Debug|Any CPU
		{880D106C-C06A-4527-80A7-6CD32B02BD99}.Release|Any CPU.ActiveCfg = Release|Any CPU
		{880D106C-C06A-4527-80A7-6CD32B02BD99}.Release|Any CPU.Build.0 = Release|Any CPU
		{43871AFB-8229-40E4-81A6-3FFCC970DE96}.Debug|Any CPU.ActiveCfg = Debug|Any CPU
		{43871AFB-8229-40E4-81A6-3FFCC970DE96}.Debug|Any CPU.Build.0 = Debug|Any CPU
		{43871AFB-8229-40E4-81A6-3FFCC970DE96}.Release|Any CPU.ActiveCfg = Release|Any CPU
		{43871AFB-8229-40E4-81A6-3FFCC970DE96}.Release|Any CPU.Build.0 = Release|Any CPU
		{569DA59F-AFA2-4FDA-B286-2F17A957E9C9}.Debug|Any CPU.ActiveCfg = Debug|Any CPU
		{569DA59F-AFA2-4FDA-B286-2F17A957E9C9}.Debug|Any CPU.Build.0 = Debug|Any CPU
		{569DA59F-AFA2-4FDA-B286-2F17A957E9C9}.Release|Any CPU.ActiveCfg = Release|Any CPU
		{569DA59F-AFA2-4FDA-B286-2F17A957E9C9}.Release|Any CPU.Build.0 = Release|Any CPU
		{CEDF4C74-B809-42F1-8A51-5504839815D5}.Debug|Any CPU.ActiveCfg = Debug|Any CPU
		{CEDF4C74-B809-42F1-8A51-5504839815D5}.Debug|Any CPU.Build.0 = Debug|Any CPU
		{CEDF4C74-B809-42F1-8A51-5504839815D5}.Release|Any CPU.ActiveCfg = Release|Any CPU
		{CEDF4C74-B809-42F1-8A51-5504839815D5}.Release|Any CPU.Build.0 = Release|Any CPU
		{329A4DAD-EA6D-498C-AFD9-B3884D23B6DA}.Debug|Any CPU.ActiveCfg = Debug|Any CPU
		{329A4DAD-EA6D-498C-AFD9-B3884D23B6DA}.Debug|Any CPU.Build.0 = Debug|Any CPU
		{329A4DAD-EA6D-498C-AFD9-B3884D23B6DA}.Release|Any CPU.ActiveCfg = Release|Any CPU
		{329A4DAD-EA6D-498C-AFD9-B3884D23B6DA}.Release|Any CPU.Build.0 = Release|Any CPU
		{D0330007-7CFF-4A2E-9964-DF26E273785C}.Debug|Any CPU.ActiveCfg = Debug|Any CPU
		{D0330007-7CFF-4A2E-9964-DF26E273785C}.Debug|Any CPU.Build.0 = Debug|Any CPU
		{D0330007-7CFF-4A2E-9964-DF26E273785C}.Release|Any CPU.ActiveCfg = Release|Any CPU
		{D0330007-7CFF-4A2E-9964-DF26E273785C}.Release|Any CPU.Build.0 = Release|Any CPU
		{B63AEBE8-B02B-46F9-8729-826BE6D48913}.Debug|Any CPU.ActiveCfg = Debug|Any CPU
		{B63AEBE8-B02B-46F9-8729-826BE6D48913}.Debug|Any CPU.Build.0 = Debug|Any CPU
		{B63AEBE8-B02B-46F9-8729-826BE6D48913}.Release|Any CPU.ActiveCfg = Release|Any CPU
		{B63AEBE8-B02B-46F9-8729-826BE6D48913}.Release|Any CPU.Build.0 = Release|Any CPU
	EndGlobalSection
	GlobalSection(SolutionProperties) = preSolution
		HideSolutionNode = FALSE
	EndGlobalSection
	GlobalSection(NestedProjects) = preSolution
		{9A437B16-BF20-4837-AEDF-74117AF381F9} = {C2B6BED6-61FD-4527-902A-0E05859EAC13}
		{A5BC1CDB-BEC7-48DC-893A-F1AFBE4AB75C} = {C2B6BED6-61FD-4527-902A-0E05859EAC13}
		{880D106C-C06A-4527-80A7-6CD32B02BD99} = {DCC57174-80B7-44D0-BEB4-FF23809928AF}
		{43871AFB-8229-40E4-81A6-3FFCC970DE96} = {DCC57174-80B7-44D0-BEB4-FF23809928AF}
		{E450817E-E3DB-4CFC-BA91-40FE424EBEFC} = {DF1C224A-2F64-4EFE-98E1-FB0CEABF104A}
		{554A69F1-3F22-4719-9AE9-85BDECF5A20B} = {DF1C224A-2F64-4EFE-98E1-FB0CEABF104A}
		{85DC38CA-7B81-4444-8414-764597677213} = {554A69F1-3F22-4719-9AE9-85BDECF5A20B}
		{598403E5-FA75-4044-AC85-9A08293FAD25} = {554A69F1-3F22-4719-9AE9-85BDECF5A20B}
		{DA4DC1FE-6A91-4863-BB8F-A2CEB1961C4A} = {DF1C224A-2F64-4EFE-98E1-FB0CEABF104A}
		{569DA59F-AFA2-4FDA-B286-2F17A957E9C9} = {E450817E-E3DB-4CFC-BA91-40FE424EBEFC}
		{CEDF4C74-B809-42F1-8A51-5504839815D5} = {E450817E-E3DB-4CFC-BA91-40FE424EBEFC}
		{329A4DAD-EA6D-498C-AFD9-B3884D23B6DA} = {85DC38CA-7B81-4444-8414-764597677213}
		{D0330007-7CFF-4A2E-9964-DF26E273785C} = {598403E5-FA75-4044-AC85-9A08293FAD25}
		{B63AEBE8-B02B-46F9-8729-826BE6D48913} = {DA4DC1FE-6A91-4863-BB8F-A2CEB1961C4A}
	EndGlobalSection
	GlobalSection(ExtensibilityGlobals) = postSolution
		SolutionGuid = {DA3627E8-5343-40DC-BBD7-46A6317B6C3B}
	EndGlobalSection
EndGlobal
